// !$*UTF8*$!
{
	archiveVersion = 1;
	classes = {
	};
	objectVersion = 50;
	objects = {

/* Begin PBXBuildFile section */
		B50EDC1223C76AC800F9468F /* AppDelegate.m in Sources */ = {isa = PBXBuildFile; fileRef = B50EDC1123C76AC800F9468F /* AppDelegate.m */; };
		B50EDC1523C76AC800F9468F /* ViewController.m in Sources */ = {isa = PBXBuildFile; fileRef = B50EDC1423C76AC800F9468F /* ViewController.m */; };
		B50EDC1823C76AC800F9468F /* Main.storyboard in Resources */ = {isa = PBXBuildFile; fileRef = B50EDC1623C76AC800F9468F /* Main.storyboard */; };
		B50EDC1A23C76ACB00F9468F /* Assets.xcassets in Resources */ = {isa = PBXBuildFile; fileRef = B50EDC1923C76ACB00F9468F /* Assets.xcassets */; };
		B50EDC1D23C76ACB00F9468F /* LaunchScreen.storyboard in Resources */ = {isa = PBXBuildFile; fileRef = B50EDC1B23C76ACB00F9468F /* LaunchScreen.storyboard */; };
		B50EDC2023C76ACB00F9468F /* main.m in Sources */ = {isa = PBXBuildFile; fileRef = B50EDC1F23C76ACB00F9468F /* main.m */; };
		B50EDC2A23C76ACB00F9468F /* DesignPatternTests.m in Sources */ = {isa = PBXBuildFile; fileRef = B50EDC2923C76ACB00F9468F /* DesignPatternTests.m */; };
		B50EDC3523C76ACB00F9468F /* DesignPatternUITests.m in Sources */ = {isa = PBXBuildFile; fileRef = B50EDC3423C76ACB00F9468F /* DesignPatternUITests.m */; };
		B50EDC4523C76B4800F9468F /* CanvasViewController.m in Sources */ = {isa = PBXBuildFile; fileRef = B50EDC4423C76B4800F9468F /* CanvasViewController.m */; };
		B50EDC4823C76B6100F9468F /* PaletteViewController.m in Sources */ = {isa = PBXBuildFile; fileRef = B50EDC4723C76B6100F9468F /* PaletteViewController.m */; };
		B50EDC4B23C76B7C00F9468F /* ThumbnailViewController.m in Sources */ = {isa = PBXBuildFile; fileRef = B50EDC4A23C76B7C00F9468F /* ThumbnailViewController.m */; };
		B50EDC4E23C76C3500F9468F /* CoordinatingController.m in Sources */ = {isa = PBXBuildFile; fileRef = B50EDC4D23C76C3500F9468F /* CoordinatingController.m */; };
		B50EDC5B23C76EF800F9468F /* Vertex.m in Sources */ = {isa = PBXBuildFile; fileRef = B50EDC5A23C76EF800F9468F /* Vertex.m */; };
		B50EDC5E23C9D24500F9468F /* Dot.m in Sources */ = {isa = PBXBuildFile; fileRef = B50EDC5D23C9D24500F9468F /* Dot.m */; };
		B50EDC6123C9E06000F9468F /* Stroke.m in Sources */ = {isa = PBXBuildFile; fileRef = B50EDC6023C9E06000F9468F /* Stroke.m */; };
		B50EDC6723CB0EA100F9468F /* CanvasView.m in Sources */ = {isa = PBXBuildFile; fileRef = B50EDC6623CB0EA100F9468F /* CanvasView.m */; };
		B50EDC6A23CB0EC500F9468F /* PaperCanvasView.m in Sources */ = {isa = PBXBuildFile; fileRef = B50EDC6923CB0EC500F9468F /* PaperCanvasView.m */; };
		B50EDC6D23CB0F7400F9468F /* ClothCanvasView.m in Sources */ = {isa = PBXBuildFile; fileRef = B50EDC6C23CB0F7400F9468F /* ClothCanvasView.m */; };
		B50EDC7023CB0FD000F9468F /* CanvasViewGenerator.m in Sources */ = {isa = PBXBuildFile; fileRef = B50EDC6F23CB0FD000F9468F /* CanvasViewGenerator.m */; };
		B50EDC7323CB108200F9468F /* PaperCanvasViewGenerator.m in Sources */ = {isa = PBXBuildFile; fileRef = B50EDC7223CB108200F9468F /* PaperCanvasViewGenerator.m */; };
		B50EDC7623CB10DC00F9468F /* ClothCanvasViewGenerator.m in Sources */ = {isa = PBXBuildFile; fileRef = B50EDC7523CB10DC00F9468F /* ClothCanvasViewGenerator.m */; };
		B50EDC7C23CB183E00F9468F /* BrandingFactory.m in Sources */ = {isa = PBXBuildFile; fileRef = B50EDC7B23CB183E00F9468F /* BrandingFactory.m */; };
		B50EDC7F23CB1A5100F9468F /* AcmeBrandingFactory.m in Sources */ = {isa = PBXBuildFile; fileRef = B50EDC7E23CB1A5100F9468F /* AcmeBrandingFactory.m */; };
		B50EDC8223CB1AA800F9468F /* SierraBrandingFactory.m in Sources */ = {isa = PBXBuildFile; fileRef = B50EDC8123CB1AA800F9468F /* SierraBrandingFactory.m */; };
		B50EDC8523CB1CB400F9468F /* AcmView.m in Sources */ = {isa = PBXBuildFile; fileRef = B50EDC8423CB1CB400F9468F /* AcmView.m */; };
		B50EDC8823CB1CCE00F9468F /* AcmMainButton.m in Sources */ = {isa = PBXBuildFile; fileRef = B50EDC8723CB1CCE00F9468F /* AcmMainButton.m */; };
		B50EDC8B23CB1CED00F9468F /* AcmToolbar.m in Sources */ = {isa = PBXBuildFile; fileRef = B50EDC8A23CB1CED00F9468F /* AcmToolbar.m */; };
		B50EDC8E23CB1D1A00F9468F /* SierraView.m in Sources */ = {isa = PBXBuildFile; fileRef = B50EDC8D23CB1D1A00F9468F /* SierraView.m */; };
		B50EDC9123CB1D2E00F9468F /* SierraMainButton.m in Sources */ = {isa = PBXBuildFile; fileRef = B50EDC9023CB1D2E00F9468F /* SierraMainButton.m */; };
		B50EDC9423CB1D5E00F9468F /* SierraToolbar.m in Sources */ = {isa = PBXBuildFile; fileRef = B50EDC9323CB1D5E00F9468F /* SierraToolbar.m */; };
		B50EDC9723CB1E6600F9468F /* BrandingViewController.m in Sources */ = {isa = PBXBuildFile; fileRef = B50EDC9623CB1E6600F9468F /* BrandingViewController.m */; };
		B5DFED8824A4986600986393 /* Character.m in Sources */ = {isa = PBXBuildFile; fileRef = B5DFED8724A4986600986393 /* Character.m */; };
		B5DFED8B24A49B9F00986393 /* CharacterBuilder.m in Sources */ = {isa = PBXBuildFile; fileRef = B5DFED8A24A49B9F00986393 /* CharacterBuilder.m */; };
		B5DFED8E24A5955600986393 /* StandardCharacterBuilder.m in Sources */ = {isa = PBXBuildFile; fileRef = B5DFED8D24A5955600986393 /* StandardCharacterBuilder.m */; };
		B5DFED9124A596CF00986393 /* ChasingGame.m in Sources */ = {isa = PBXBuildFile; fileRef = B5DFED9024A596CF00986393 /* ChasingGame.m */; };
		B5DFED9424A599E300986393 /* GameClient.m in Sources */ = {isa = PBXBuildFile; fileRef = B5DFED9324A599E300986393 /* GameClient.m */; };
		B5DFED9824A5A0B900986393 /* Singleton.m in Sources */ = {isa = PBXBuildFile; fileRef = B5DFED9724A5A0B900986393 /* Singleton.m */; };
		B5DFED9C24A5B3CD00986393 /* Command.m in Sources */ = {isa = PBXBuildFile; fileRef = B5DFED9B24A5B3CD00986393 /* Command.m */; };
		B5DFED9F24A5B42500986393 /* SetStrokeColorCommand.m in Sources */ = {isa = PBXBuildFile; fileRef = B5DFED9E24A5B42500986393 /* SetStrokeColorCommand.m */; };
		BF496E2324F4AB2400B85E6D /* SaveScribbleCommand.m in Sources */ = {isa = PBXBuildFile; fileRef = BF496E2224F4AB2400B85E6D /* SaveScribbleCommand.m */; };
		BF496E2724F4B1E600B85E6D /* ScribbleManager.m in Sources */ = {isa = PBXBuildFile; fileRef = BF496E2624F4B1E600B85E6D /* ScribbleManager.m */; };
		BF496E2A24F4B20B00B85E6D /* Scribble.m in Sources */ = {isa = PBXBuildFile; fileRef = BF496E2924F4B20B00B85E6D /* Scribble.m */; };
		BF496E2D24F4B22200B85E6D /* ScribbleMemento.m in Sources */ = {isa = PBXBuildFile; fileRef = BF496E2C24F4B22200B85E6D /* ScribbleMemento.m */; };
		BF496E3524F4B67800B85E6D /* ScribbleThumbnailView.m in Sources */ = {isa = PBXBuildFile; fileRef = BF496E3424F4B67800B85E6D /* ScribbleThumbnailView.m */; };
		BF496E3B24F4B6D100B85E6D /* ScribbleThumbnailViewImageProxy.m in Sources */ = {isa = PBXBuildFile; fileRef = BF496E3A24F4B6D100B85E6D /* ScribbleThumbnailViewImageProxy.m */; };
		BF496E3E24F4B9CD00B85E6D /* DeleteScribbleCommand.m in Sources */ = {isa = PBXBuildFile; fileRef = BF496E3D24F4B9CD00B85E6D /* DeleteScribbleCommand.m */; };
		BF496E4124F4BA8400B85E6D /* OpenScribbleCommand.m in Sources */ = {isa = PBXBuildFile; fileRef = BF496E4024F4BA8400B85E6D /* OpenScribbleCommand.m */; };
		BF496E4424F4BB8700B85E6D /* SetStrokeSizeCommand.m in Sources */ = {isa = PBXBuildFile; fileRef = BF496E4324F4BB8700B85E6D /* SetStrokeSizeCommand.m */; };
		BF496E4A24F4E1F600B85E6D /* CommandBarButton.m in Sources */ = {isa = PBXBuildFile; fileRef = BF496E4924F4E1F600B85E6D /* CommandBarButton.m */; };
		BF496E4E24F4E25400B85E6D /* CommandSlider.m in Sources */ = {isa = PBXBuildFile; fileRef = BF496E4D24F4E25400B85E6D /* CommandSlider.m */; };
		BF496E5224F4E2A600B85E6D /* NSMutableArray+Stack.m in Sources */ = {isa = PBXBuildFile; fileRef = BF496E5124F4E2A600B85E6D /* NSMutableArray+Stack.m */; };
		BF496E5624F4E33B00B85E6D /* UIView+UIImage.m in Sources */ = {isa = PBXBuildFile; fileRef = BF496E5524F4E33B00B85E6D /* UIView+UIImage.m */; };
		BF496E5C24F4E94C00B85E6D /* MarkEnumerator.m in Sources */ = {isa = PBXBuildFile; fileRef = BF496E5B24F4E94C00B85E6D /* MarkEnumerator.m */; };
		BF496E6324F4EB2D00B85E6D /* MarkRenderer.m in Sources */ = {isa = PBXBuildFile; fileRef = BF496E6224F4EB2D00B85E6D /* MarkRenderer.m */; };
		BF496E6924F5011B00B85E6D /* ScribbleThumbnailCell.m in Sources */ = {isa = PBXBuildFile; fileRef = BF496E6824F5011B00B85E6D /* ScribbleThumbnailCell.m */; };
		BFD5231024F787980066D58F /* ConsoleEmulator.m in Sources */ = {isa = PBXBuildFile; fileRef = BFD5230F24F787980066D58F /* ConsoleEmulator.m */; };
		BFD5231324F787D50066D58F /* ConsoleController.m in Sources */ = {isa = PBXBuildFile; fileRef = BFD5231224F787D50066D58F /* ConsoleController.m */; };
		BFD5231624F788100066D58F /* TouchConsoleController.m in Sources */ = {isa = PBXBuildFile; fileRef = BFD5231524F788100066D58F /* TouchConsoleController.m */; };
		BFD5231924F789400066D58F /* GameBoyEmulator.m in Sources */ = {isa = PBXBuildFile; fileRef = BFD5231824F789400066D58F /* GameBoyEmulator.m */; };
		BFD5231C24F7895B0066D58F /* GameGearEmulator.m in Sources */ = {isa = PBXBuildFile; fileRef = BFD5231B24F7895B0066D58F /* GameGearEmulator.m */; };
		BFD5232024F796D70066D58F /* CabDriver.m in Sources */ = {isa = PBXBuildFile; fileRef = BFD5231F24F796D70066D58F /* CabDriver.m */; };
		BFD5232324F796EA0066D58F /* Car.m in Sources */ = {isa = PBXBuildFile; fileRef = BFD5232224F796EA0066D58F /* Car.m */; };
		BFD5232624F797000066D58F /* Taximeter.m in Sources */ = {isa = PBXBuildFile; fileRef = BFD5232524F797000066D58F /* Taximeter.m */; };
/* End PBXBuildFile section */

/* Begin PBXContainerItemProxy section */
		B50EDC2623C76ACB00F9468F /* PBXContainerItemProxy */ = {
			isa = PBXContainerItemProxy;
			containerPortal = B50EDC0523C76AC800F9468F /* Project object */;
			proxyType = 1;
			remoteGlobalIDString = B50EDC0C23C76AC800F9468F;
			remoteInfo = DesignPattern;
		};
		B50EDC3123C76ACB00F9468F /* PBXContainerItemProxy */ = {
			isa = PBXContainerItemProxy;
			containerPortal = B50EDC0523C76AC800F9468F /* Project object */;
			proxyType = 1;
			remoteGlobalIDString = B50EDC0C23C76AC800F9468F;
			remoteInfo = DesignPattern;
		};
/* End PBXContainerItemProxy section */

/* Begin PBXFileReference section */
		B50EDC0D23C76AC800F9468F /* DesignPattern.app */ = {isa = PBXFileReference; explicitFileType = wrapper.application; includeInIndex = 0; path = DesignPattern.app; sourceTree = BUILT_PRODUCTS_DIR; };
		B50EDC1023C76AC800F9468F /* AppDelegate.h */ = {isa = PBXFileReference; lastKnownFileType = sourcecode.c.h; path = AppDelegate.h; sourceTree = "<group>"; };
		B50EDC1123C76AC800F9468F /* AppDelegate.m */ = {isa = PBXFileReference; lastKnownFileType = sourcecode.c.objc; path = AppDelegate.m; sourceTree = "<group>"; };
		B50EDC1323C76AC800F9468F /* ViewController.h */ = {isa = PBXFileReference; lastKnownFileType = sourcecode.c.h; path = ViewController.h; sourceTree = "<group>"; };
		B50EDC1423C76AC800F9468F /* ViewController.m */ = {isa = PBXFileReference; lastKnownFileType = sourcecode.c.objc; path = ViewController.m; sourceTree = "<group>"; };
		B50EDC1723C76AC800F9468F /* Base */ = {isa = PBXFileReference; lastKnownFileType = file.storyboard; name = Base; path = Base.lproj/Main.storyboard; sourceTree = "<group>"; };
		B50EDC1923C76ACB00F9468F /* Assets.xcassets */ = {isa = PBXFileReference; lastKnownFileType = folder.assetcatalog; path = Assets.xcassets; sourceTree = "<group>"; };
		B50EDC1C23C76ACB00F9468F /* Base */ = {isa = PBXFileReference; lastKnownFileType = file.storyboard; name = Base; path = Base.lproj/LaunchScreen.storyboard; sourceTree = "<group>"; };
		B50EDC1E23C76ACB00F9468F /* Info.plist */ = {isa = PBXFileReference; lastKnownFileType = text.plist.xml; path = Info.plist; sourceTree = "<group>"; };
		B50EDC1F23C76ACB00F9468F /* main.m */ = {isa = PBXFileReference; lastKnownFileType = sourcecode.c.objc; path = main.m; sourceTree = "<group>"; };
		B50EDC2523C76ACB00F9468F /* DesignPatternTests.xctest */ = {isa = PBXFileReference; explicitFileType = wrapper.cfbundle; includeInIndex = 0; path = DesignPatternTests.xctest; sourceTree = BUILT_PRODUCTS_DIR; };
		B50EDC2923C76ACB00F9468F /* DesignPatternTests.m */ = {isa = PBXFileReference; lastKnownFileType = sourcecode.c.objc; path = DesignPatternTests.m; sourceTree = "<group>"; };
		B50EDC2B23C76ACB00F9468F /* Info.plist */ = {isa = PBXFileReference; lastKnownFileType = text.plist.xml; path = Info.plist; sourceTree = "<group>"; };
		B50EDC3023C76ACB00F9468F /* DesignPatternUITests.xctest */ = {isa = PBXFileReference; explicitFileType = wrapper.cfbundle; includeInIndex = 0; path = DesignPatternUITests.xctest; sourceTree = BUILT_PRODUCTS_DIR; };
		B50EDC3423C76ACB00F9468F /* DesignPatternUITests.m */ = {isa = PBXFileReference; lastKnownFileType = sourcecode.c.objc; path = DesignPatternUITests.m; sourceTree = "<group>"; };
		B50EDC3623C76ACB00F9468F /* Info.plist */ = {isa = PBXFileReference; lastKnownFileType = text.plist.xml; path = Info.plist; sourceTree = "<group>"; };
		B50EDC4323C76B4800F9468F /* CanvasViewController.h */ = {isa = PBXFileReference; lastKnownFileType = sourcecode.c.h; path = CanvasViewController.h; sourceTree = "<group>"; };
		B50EDC4423C76B4800F9468F /* CanvasViewController.m */ = {isa = PBXFileReference; lastKnownFileType = sourcecode.c.objc; path = CanvasViewController.m; sourceTree = "<group>"; };
		B50EDC4623C76B6100F9468F /* PaletteViewController.h */ = {isa = PBXFileReference; lastKnownFileType = sourcecode.c.h; path = PaletteViewController.h; sourceTree = "<group>"; };
		B50EDC4723C76B6100F9468F /* PaletteViewController.m */ = {isa = PBXFileReference; lastKnownFileType = sourcecode.c.objc; path = PaletteViewController.m; sourceTree = "<group>"; };
		B50EDC4923C76B7C00F9468F /* ThumbnailViewController.h */ = {isa = PBXFileReference; lastKnownFileType = sourcecode.c.h; path = ThumbnailViewController.h; sourceTree = "<group>"; };
		B50EDC4A23C76B7C00F9468F /* ThumbnailViewController.m */ = {isa = PBXFileReference; lastKnownFileType = sourcecode.c.objc; path = ThumbnailViewController.m; sourceTree = "<group>"; };
		B50EDC4C23C76C3500F9468F /* CoordinatingController.h */ = {isa = PBXFileReference; lastKnownFileType = sourcecode.c.h; path = CoordinatingController.h; sourceTree = "<group>"; };
		B50EDC4D23C76C3500F9468F /* CoordinatingController.m */ = {isa = PBXFileReference; lastKnownFileType = sourcecode.c.objc; path = CoordinatingController.m; sourceTree = "<group>"; };
		B50EDC5023C76D7400F9468F /* Mark.h */ = {isa = PBXFileReference; lastKnownFileType = sourcecode.c.h; path = Mark.h; sourceTree = "<group>"; };
		B50EDC5923C76EF800F9468F /* Vertex.h */ = {isa = PBXFileReference; lastKnownFileType = sourcecode.c.h; path = Vertex.h; sourceTree = "<group>"; };
		B50EDC5A23C76EF800F9468F /* Vertex.m */ = {isa = PBXFileReference; lastKnownFileType = sourcecode.c.objc; path = Vertex.m; sourceTree = "<group>"; };
		B50EDC5C23C9D24500F9468F /* Dot.h */ = {isa = PBXFileReference; lastKnownFileType = sourcecode.c.h; path = Dot.h; sourceTree = "<group>"; };
		B50EDC5D23C9D24500F9468F /* Dot.m */ = {isa = PBXFileReference; lastKnownFileType = sourcecode.c.objc; path = Dot.m; sourceTree = "<group>"; };
		B50EDC5F23C9E06000F9468F /* Stroke.h */ = {isa = PBXFileReference; lastKnownFileType = sourcecode.c.h; path = Stroke.h; sourceTree = "<group>"; };
		B50EDC6023C9E06000F9468F /* Stroke.m */ = {isa = PBXFileReference; lastKnownFileType = sourcecode.c.objc; path = Stroke.m; sourceTree = "<group>"; };
		B50EDC6523CB0EA100F9468F /* CanvasView.h */ = {isa = PBXFileReference; lastKnownFileType = sourcecode.c.h; path = CanvasView.h; sourceTree = "<group>"; };
		B50EDC6623CB0EA100F9468F /* CanvasView.m */ = {isa = PBXFileReference; lastKnownFileType = sourcecode.c.objc; path = CanvasView.m; sourceTree = "<group>"; };
		B50EDC6823CB0EC500F9468F /* PaperCanvasView.h */ = {isa = PBXFileReference; lastKnownFileType = sourcecode.c.h; path = PaperCanvasView.h; sourceTree = "<group>"; };
		B50EDC6923CB0EC500F9468F /* PaperCanvasView.m */ = {isa = PBXFileReference; lastKnownFileType = sourcecode.c.objc; path = PaperCanvasView.m; sourceTree = "<group>"; };
		B50EDC6B23CB0F7400F9468F /* ClothCanvasView.h */ = {isa = PBXFileReference; lastKnownFileType = sourcecode.c.h; path = ClothCanvasView.h; sourceTree = "<group>"; };
		B50EDC6C23CB0F7400F9468F /* ClothCanvasView.m */ = {isa = PBXFileReference; lastKnownFileType = sourcecode.c.objc; path = ClothCanvasView.m; sourceTree = "<group>"; };
		B50EDC6E23CB0FD000F9468F /* CanvasViewGenerator.h */ = {isa = PBXFileReference; lastKnownFileType = sourcecode.c.h; path = CanvasViewGenerator.h; sourceTree = "<group>"; };
		B50EDC6F23CB0FD000F9468F /* CanvasViewGenerator.m */ = {isa = PBXFileReference; lastKnownFileType = sourcecode.c.objc; path = CanvasViewGenerator.m; sourceTree = "<group>"; };
		B50EDC7123CB108200F9468F /* PaperCanvasViewGenerator.h */ = {isa = PBXFileReference; lastKnownFileType = sourcecode.c.h; path = PaperCanvasViewGenerator.h; sourceTree = "<group>"; };
		B50EDC7223CB108200F9468F /* PaperCanvasViewGenerator.m */ = {isa = PBXFileReference; lastKnownFileType = sourcecode.c.objc; path = PaperCanvasViewGenerator.m; sourceTree = "<group>"; };
		B50EDC7423CB10DC00F9468F /* ClothCanvasViewGenerator.h */ = {isa = PBXFileReference; lastKnownFileType = sourcecode.c.h; path = ClothCanvasViewGenerator.h; sourceTree = "<group>"; };
		B50EDC7523CB10DC00F9468F /* ClothCanvasViewGenerator.m */ = {isa = PBXFileReference; lastKnownFileType = sourcecode.c.objc; path = ClothCanvasViewGenerator.m; sourceTree = "<group>"; };
		B50EDC7823CB15C300F9468F /* README.md */ = {isa = PBXFileReference; lastKnownFileType = net.daringfireball.markdown; path = README.md; sourceTree = "<group>"; };
		B50EDC7A23CB183E00F9468F /* BrandingFactory.h */ = {isa = PBXFileReference; lastKnownFileType = sourcecode.c.h; path = BrandingFactory.h; sourceTree = "<group>"; };
		B50EDC7B23CB183E00F9468F /* BrandingFactory.m */ = {isa = PBXFileReference; lastKnownFileType = sourcecode.c.objc; path = BrandingFactory.m; sourceTree = "<group>"; };
		B50EDC7D23CB1A5100F9468F /* AcmeBrandingFactory.h */ = {isa = PBXFileReference; lastKnownFileType = sourcecode.c.h; path = AcmeBrandingFactory.h; sourceTree = "<group>"; };
		B50EDC7E23CB1A5100F9468F /* AcmeBrandingFactory.m */ = {isa = PBXFileReference; lastKnownFileType = sourcecode.c.objc; path = AcmeBrandingFactory.m; sourceTree = "<group>"; };
		B50EDC8023CB1AA800F9468F /* SierraBrandingFactory.h */ = {isa = PBXFileReference; lastKnownFileType = sourcecode.c.h; path = SierraBrandingFactory.h; sourceTree = "<group>"; };
		B50EDC8123CB1AA800F9468F /* SierraBrandingFactory.m */ = {isa = PBXFileReference; lastKnownFileType = sourcecode.c.objc; path = SierraBrandingFactory.m; sourceTree = "<group>"; };
		B50EDC8323CB1CB400F9468F /* AcmView.h */ = {isa = PBXFileReference; lastKnownFileType = sourcecode.c.h; path = AcmView.h; sourceTree = "<group>"; };
		B50EDC8423CB1CB400F9468F /* AcmView.m */ = {isa = PBXFileReference; lastKnownFileType = sourcecode.c.objc; path = AcmView.m; sourceTree = "<group>"; };
		B50EDC8623CB1CCE00F9468F /* AcmMainButton.h */ = {isa = PBXFileReference; lastKnownFileType = sourcecode.c.h; path = AcmMainButton.h; sourceTree = "<group>"; };
		B50EDC8723CB1CCE00F9468F /* AcmMainButton.m */ = {isa = PBXFileReference; lastKnownFileType = sourcecode.c.objc; path = AcmMainButton.m; sourceTree = "<group>"; };
		B50EDC8923CB1CED00F9468F /* AcmToolbar.h */ = {isa = PBXFileReference; lastKnownFileType = sourcecode.c.h; path = AcmToolbar.h; sourceTree = "<group>"; };
		B50EDC8A23CB1CED00F9468F /* AcmToolbar.m */ = {isa = PBXFileReference; lastKnownFileType = sourcecode.c.objc; path = AcmToolbar.m; sourceTree = "<group>"; };
		B50EDC8C23CB1D1A00F9468F /* SierraView.h */ = {isa = PBXFileReference; lastKnownFileType = sourcecode.c.h; path = SierraView.h; sourceTree = "<group>"; };
		B50EDC8D23CB1D1A00F9468F /* SierraView.m */ = {isa = PBXFileReference; lastKnownFileType = sourcecode.c.objc; path = SierraView.m; sourceTree = "<group>"; };
		B50EDC8F23CB1D2E00F9468F /* SierraMainButton.h */ = {isa = PBXFileReference; lastKnownFileType = sourcecode.c.h; path = SierraMainButton.h; sourceTree = "<group>"; };
		B50EDC9023CB1D2E00F9468F /* SierraMainButton.m */ = {isa = PBXFileReference; lastKnownFileType = sourcecode.c.objc; path = SierraMainButton.m; sourceTree = "<group>"; };
		B50EDC9223CB1D5E00F9468F /* SierraToolbar.h */ = {isa = PBXFileReference; lastKnownFileType = sourcecode.c.h; path = SierraToolbar.h; sourceTree = "<group>"; };
		B50EDC9323CB1D5E00F9468F /* SierraToolbar.m */ = {isa = PBXFileReference; lastKnownFileType = sourcecode.c.objc; path = SierraToolbar.m; sourceTree = "<group>"; };
		B50EDC9523CB1E6600F9468F /* BrandingViewController.h */ = {isa = PBXFileReference; lastKnownFileType = sourcecode.c.h; path = BrandingViewController.h; sourceTree = "<group>"; };
		B50EDC9623CB1E6600F9468F /* BrandingViewController.m */ = {isa = PBXFileReference; lastKnownFileType = sourcecode.c.objc; path = BrandingViewController.m; sourceTree = "<group>"; };
		B5DFED8624A4986600986393 /* Character.h */ = {isa = PBXFileReference; lastKnownFileType = sourcecode.c.h; path = Character.h; sourceTree = "<group>"; };
		B5DFED8724A4986600986393 /* Character.m */ = {isa = PBXFileReference; lastKnownFileType = sourcecode.c.objc; path = Character.m; sourceTree = "<group>"; };
		B5DFED8924A49B9F00986393 /* CharacterBuilder.h */ = {isa = PBXFileReference; lastKnownFileType = sourcecode.c.h; path = CharacterBuilder.h; sourceTree = "<group>"; };
		B5DFED8A24A49B9F00986393 /* CharacterBuilder.m */ = {isa = PBXFileReference; lastKnownFileType = sourcecode.c.objc; path = CharacterBuilder.m; sourceTree = "<group>"; };
		B5DFED8C24A5955600986393 /* StandardCharacterBuilder.h */ = {isa = PBXFileReference; lastKnownFileType = sourcecode.c.h; path = StandardCharacterBuilder.h; sourceTree = "<group>"; };
		B5DFED8D24A5955600986393 /* StandardCharacterBuilder.m */ = {isa = PBXFileReference; lastKnownFileType = sourcecode.c.objc; path = StandardCharacterBuilder.m; sourceTree = "<group>"; };
		B5DFED8F24A596CF00986393 /* ChasingGame.h */ = {isa = PBXFileReference; lastKnownFileType = sourcecode.c.h; path = ChasingGame.h; sourceTree = "<group>"; };
		B5DFED9024A596CF00986393 /* ChasingGame.m */ = {isa = PBXFileReference; lastKnownFileType = sourcecode.c.objc; path = ChasingGame.m; sourceTree = "<group>"; };
		B5DFED9224A599E300986393 /* GameClient.h */ = {isa = PBXFileReference; lastKnownFileType = sourcecode.c.h; path = GameClient.h; sourceTree = "<group>"; };
		B5DFED9324A599E300986393 /* GameClient.m */ = {isa = PBXFileReference; lastKnownFileType = sourcecode.c.objc; path = GameClient.m; sourceTree = "<group>"; };
		B5DFED9624A5A0B900986393 /* Singleton.h */ = {isa = PBXFileReference; lastKnownFileType = sourcecode.c.h; path = Singleton.h; sourceTree = "<group>"; };
		B5DFED9724A5A0B900986393 /* Singleton.m */ = {isa = PBXFileReference; lastKnownFileType = sourcecode.c.objc; path = Singleton.m; sourceTree = "<group>"; };
		B5DFED9A24A5B3CD00986393 /* Command.h */ = {isa = PBXFileReference; lastKnownFileType = sourcecode.c.h; path = Command.h; sourceTree = "<group>"; };
		B5DFED9B24A5B3CD00986393 /* Command.m */ = {isa = PBXFileReference; lastKnownFileType = sourcecode.c.objc; path = Command.m; sourceTree = "<group>"; };
		B5DFED9D24A5B42500986393 /* SetStrokeColorCommand.h */ = {isa = PBXFileReference; lastKnownFileType = sourcecode.c.h; path = SetStrokeColorCommand.h; sourceTree = "<group>"; };
		B5DFED9E24A5B42500986393 /* SetStrokeColorCommand.m */ = {isa = PBXFileReference; lastKnownFileType = sourcecode.c.objc; path = SetStrokeColorCommand.m; sourceTree = "<group>"; };
		BF496E2124F4AB2400B85E6D /* SaveScribbleCommand.h */ = {isa = PBXFileReference; lastKnownFileType = sourcecode.c.h; path = SaveScribbleCommand.h; sourceTree = "<group>"; };
		BF496E2224F4AB2400B85E6D /* SaveScribbleCommand.m */ = {isa = PBXFileReference; lastKnownFileType = sourcecode.c.objc; path = SaveScribbleCommand.m; sourceTree = "<group>"; };
		BF496E2524F4B1E600B85E6D /* ScribbleManager.h */ = {isa = PBXFileReference; lastKnownFileType = sourcecode.c.h; path = ScribbleManager.h; sourceTree = "<group>"; };
		BF496E2624F4B1E600B85E6D /* ScribbleManager.m */ = {isa = PBXFileReference; lastKnownFileType = sourcecode.c.objc; path = ScribbleManager.m; sourceTree = "<group>"; };
		BF496E2824F4B20B00B85E6D /* Scribble.h */ = {isa = PBXFileReference; lastKnownFileType = sourcecode.c.h; path = Scribble.h; sourceTree = "<group>"; };
		BF496E2924F4B20B00B85E6D /* Scribble.m */ = {isa = PBXFileReference; lastKnownFileType = sourcecode.c.objc; path = Scribble.m; sourceTree = "<group>"; };
		BF496E2B24F4B22200B85E6D /* ScribbleMemento.h */ = {isa = PBXFileReference; lastKnownFileType = sourcecode.c.h; path = ScribbleMemento.h; sourceTree = "<group>"; };
		BF496E2C24F4B22200B85E6D /* ScribbleMemento.m */ = {isa = PBXFileReference; lastKnownFileType = sourcecode.c.objc; path = ScribbleMemento.m; sourceTree = "<group>"; };
		BF496E3124F4B34700B85E6D /* ScribbleMemento+Friend.h */ = {isa = PBXFileReference; lastKnownFileType = sourcecode.c.h; path = "ScribbleMemento+Friend.h"; sourceTree = "<group>"; };
		BF496E3324F4B67800B85E6D /* ScribbleThumbnailView.h */ = {isa = PBXFileReference; lastKnownFileType = sourcecode.c.h; path = ScribbleThumbnailView.h; sourceTree = "<group>"; };
		BF496E3424F4B67800B85E6D /* ScribbleThumbnailView.m */ = {isa = PBXFileReference; lastKnownFileType = sourcecode.c.objc; path = ScribbleThumbnailView.m; sourceTree = "<group>"; };
		BF496E3624F4B69700B85E6D /* ScribbleSource.h */ = {isa = PBXFileReference; lastKnownFileType = sourcecode.c.h; path = ScribbleSource.h; sourceTree = "<group>"; };
		BF496E3924F4B6D100B85E6D /* ScribbleThumbnailViewImageProxy.h */ = {isa = PBXFileReference; lastKnownFileType = sourcecode.c.h; path = ScribbleThumbnailViewImageProxy.h; sourceTree = "<group>"; };
		BF496E3A24F4B6D100B85E6D /* ScribbleThumbnailViewImageProxy.m */ = {isa = PBXFileReference; lastKnownFileType = sourcecode.c.objc; path = ScribbleThumbnailViewImageProxy.m; sourceTree = "<group>"; };
		BF496E3C24F4B9CD00B85E6D /* DeleteScribbleCommand.h */ = {isa = PBXFileReference; lastKnownFileType = sourcecode.c.h; path = DeleteScribbleCommand.h; sourceTree = "<group>"; };
		BF496E3D24F4B9CD00B85E6D /* DeleteScribbleCommand.m */ = {isa = PBXFileReference; lastKnownFileType = sourcecode.c.objc; path = DeleteScribbleCommand.m; sourceTree = "<group>"; };
		BF496E3F24F4BA8400B85E6D /* OpenScribbleCommand.h */ = {isa = PBXFileReference; lastKnownFileType = sourcecode.c.h; path = OpenScribbleCommand.h; sourceTree = "<group>"; };
		BF496E4024F4BA8400B85E6D /* OpenScribbleCommand.m */ = {isa = PBXFileReference; lastKnownFileType = sourcecode.c.objc; path = OpenScribbleCommand.m; sourceTree = "<group>"; };
		BF496E4224F4BB8700B85E6D /* SetStrokeSizeCommand.h */ = {isa = PBXFileReference; lastKnownFileType = sourcecode.c.h; path = SetStrokeSizeCommand.h; sourceTree = "<group>"; };
		BF496E4324F4BB8700B85E6D /* SetStrokeSizeCommand.m */ = {isa = PBXFileReference; lastKnownFileType = sourcecode.c.objc; path = SetStrokeSizeCommand.m; sourceTree = "<group>"; };
		BF496E4824F4E1F600B85E6D /* CommandBarButton.h */ = {isa = PBXFileReference; lastKnownFileType = sourcecode.c.h; path = CommandBarButton.h; sourceTree = "<group>"; };
		BF496E4924F4E1F600B85E6D /* CommandBarButton.m */ = {isa = PBXFileReference; lastKnownFileType = sourcecode.c.objc; path = CommandBarButton.m; sourceTree = "<group>"; };
		BF496E4C24F4E25400B85E6D /* CommandSlider.h */ = {isa = PBXFileReference; lastKnownFileType = sourcecode.c.h; path = CommandSlider.h; sourceTree = "<group>"; };
		BF496E4D24F4E25400B85E6D /* CommandSlider.m */ = {isa = PBXFileReference; lastKnownFileType = sourcecode.c.objc; path = CommandSlider.m; sourceTree = "<group>"; };
		BF496E5024F4E2A600B85E6D /* NSMutableArray+Stack.h */ = {isa = PBXFileReference; lastKnownFileType = sourcecode.c.h; path = "NSMutableArray+Stack.h"; sourceTree = "<group>"; };
		BF496E5124F4E2A600B85E6D /* NSMutableArray+Stack.m */ = {isa = PBXFileReference; lastKnownFileType = sourcecode.c.objc; path = "NSMutableArray+Stack.m"; sourceTree = "<group>"; };
		BF496E5424F4E33B00B85E6D /* UIView+UIImage.h */ = {isa = PBXFileReference; lastKnownFileType = sourcecode.c.h; path = "UIView+UIImage.h"; sourceTree = "<group>"; };
		BF496E5524F4E33B00B85E6D /* UIView+UIImage.m */ = {isa = PBXFileReference; lastKnownFileType = sourcecode.c.objc; path = "UIView+UIImage.m"; sourceTree = "<group>"; };
		BF496E5A24F4E94C00B85E6D /* MarkEnumerator.h */ = {isa = PBXFileReference; lastKnownFileType = sourcecode.c.h; path = MarkEnumerator.h; sourceTree = "<group>"; };
		BF496E5B24F4E94C00B85E6D /* MarkEnumerator.m */ = {isa = PBXFileReference; lastKnownFileType = sourcecode.c.objc; path = MarkEnumerator.m; sourceTree = "<group>"; };
		BF496E5D24F4E98400B85E6D /* MarkEnumerator+Internal.h */ = {isa = PBXFileReference; lastKnownFileType = sourcecode.c.h; path = "MarkEnumerator+Internal.h"; sourceTree = "<group>"; };
		BF496E6124F4EB2D00B85E6D /* MarkRenderer.h */ = {isa = PBXFileReference; lastKnownFileType = sourcecode.c.h; path = MarkRenderer.h; sourceTree = "<group>"; };
		BF496E6224F4EB2D00B85E6D /* MarkRenderer.m */ = {isa = PBXFileReference; lastKnownFileType = sourcecode.c.objc; path = MarkRenderer.m; sourceTree = "<group>"; };
		BF496E6424F4EB6600B85E6D /* MarkVisitor.h */ = {isa = PBXFileReference; lastKnownFileType = sourcecode.c.h; path = MarkVisitor.h; sourceTree = "<group>"; };
		BF496E6724F5011B00B85E6D /* ScribbleThumbnailCell.h */ = {isa = PBXFileReference; lastKnownFileType = sourcecode.c.h; path = ScribbleThumbnailCell.h; sourceTree = "<group>"; };
		BF496E6824F5011B00B85E6D /* ScribbleThumbnailCell.m */ = {isa = PBXFileReference; lastKnownFileType = sourcecode.c.objc; path = ScribbleThumbnailCell.m; sourceTree = "<group>"; };
		BFD5230B24F7876F0066D58F /* ConsoleCommands.h */ = {isa = PBXFileReference; lastKnownFileType = sourcecode.c.h; path = ConsoleCommands.h; sourceTree = "<group>"; };
		BFD5230E24F787980066D58F /* ConsoleEmulator.h */ = {isa = PBXFileReference; lastKnownFileType = sourcecode.c.h; path = ConsoleEmulator.h; sourceTree = "<group>"; };
		BFD5230F24F787980066D58F /* ConsoleEmulator.m */ = {isa = PBXFileReference; lastKnownFileType = sourcecode.c.objc; path = ConsoleEmulator.m; sourceTree = "<group>"; };
		BFD5231124F787D50066D58F /* ConsoleController.h */ = {isa = PBXFileReference; lastKnownFileType = sourcecode.c.h; path = ConsoleController.h; sourceTree = "<group>"; };
		BFD5231224F787D50066D58F /* ConsoleController.m */ = {isa = PBXFileReference; lastKnownFileType = sourcecode.c.objc; path = ConsoleController.m; sourceTree = "<group>"; };
		BFD5231424F788100066D58F /* TouchConsoleController.h */ = {isa = PBXFileReference; lastKnownFileType = sourcecode.c.h; path = TouchConsoleController.h; sourceTree = "<group>"; };
		BFD5231524F788100066D58F /* TouchConsoleController.m */ = {isa = PBXFileReference; lastKnownFileType = sourcecode.c.objc; path = TouchConsoleController.m; sourceTree = "<group>"; };
		BFD5231724F789400066D58F /* GameBoyEmulator.h */ = {isa = PBXFileReference; lastKnownFileType = sourcecode.c.h; path = GameBoyEmulator.h; sourceTree = "<group>"; };
		BFD5231824F789400066D58F /* GameBoyEmulator.m */ = {isa = PBXFileReference; lastKnownFileType = sourcecode.c.objc; path = GameBoyEmulator.m; sourceTree = "<group>"; };
		BFD5231A24F7895B0066D58F /* GameGearEmulator.h */ = {isa = PBXFileReference; lastKnownFileType = sourcecode.c.h; path = GameGearEmulator.h; sourceTree = "<group>"; };
		BFD5231B24F7895B0066D58F /* GameGearEmulator.m */ = {isa = PBXFileReference; lastKnownFileType = sourcecode.c.objc; path = GameGearEmulator.m; sourceTree = "<group>"; };
		BFD5231E24F796D70066D58F /* CabDriver.h */ = {isa = PBXFileReference; lastKnownFileType = sourcecode.c.h; path = CabDriver.h; sourceTree = "<group>"; };
		BFD5231F24F796D70066D58F /* CabDriver.m */ = {isa = PBXFileReference; lastKnownFileType = sourcecode.c.objc; path = CabDriver.m; sourceTree = "<group>"; };
		BFD5232124F796EA0066D58F /* Car.h */ = {isa = PBXFileReference; lastKnownFileType = sourcecode.c.h; path = Car.h; sourceTree = "<group>"; };
		BFD5232224F796EA0066D58F /* Car.m */ = {isa = PBXFileReference; lastKnownFileType = sourcecode.c.objc; path = Car.m; sourceTree = "<group>"; };
		BFD5232424F797000066D58F /* Taximeter.h */ = {isa = PBXFileReference; lastKnownFileType = sourcecode.c.h; path = Taximeter.h; sourceTree = "<group>"; };
		BFD5232524F797000066D58F /* Taximeter.m */ = {isa = PBXFileReference; lastKnownFileType = sourcecode.c.objc; path = Taximeter.m; sourceTree = "<group>"; };
/* End PBXFileReference section */

/* Begin PBXFrameworksBuildPhase section */
		B50EDC0A23C76AC800F9468F /* Frameworks */ = {
			isa = PBXFrameworksBuildPhase;
			buildActionMask = 2147483647;
			files = (
			);
			runOnlyForDeploymentPostprocessing = 0;
		};
		B50EDC2223C76ACB00F9468F /* Frameworks */ = {
			isa = PBXFrameworksBuildPhase;
			buildActionMask = 2147483647;
			files = (
			);
			runOnlyForDeploymentPostprocessing = 0;
		};
		B50EDC2D23C76ACB00F9468F /* Frameworks */ = {
			isa = PBXFrameworksBuildPhase;
			buildActionMask = 2147483647;
			files = (
			);
			runOnlyForDeploymentPostprocessing = 0;
		};
/* End PBXFrameworksBuildPhase section */

/* Begin PBXGroup section */
		B50EDC0423C76AC800F9468F = {
			isa = PBXGroup;
			children = (
				B50EDC7823CB15C300F9468F /* README.md */,
				B50EDC0F23C76AC800F9468F /* DesignPattern */,
				B50EDC2823C76ACB00F9468F /* DesignPatternTests */,
				B50EDC3323C76ACB00F9468F /* DesignPatternUITests */,
				B50EDC0E23C76AC800F9468F /* Products */,
			);
			sourceTree = "<group>";
		};
		B50EDC0E23C76AC800F9468F /* Products */ = {
			isa = PBXGroup;
			children = (
				B50EDC0D23C76AC800F9468F /* DesignPattern.app */,
				B50EDC2523C76ACB00F9468F /* DesignPatternTests.xctest */,
				B50EDC3023C76ACB00F9468F /* DesignPatternUITests.xctest */,
			);
			name = Products;
			sourceTree = "<group>";
		};
		B50EDC0F23C76AC800F9468F /* DesignPattern */ = {
			isa = PBXGroup;
			children = (
				BF496E4524F4BCBC00B85E6D /* TouchPainter */,
				B5DFED9524A5A09B00986393 /* Singleton */,
				B50EDC7923CB178700F9468F /* AbstractFactory */,
				B5DFED8524A474C700986393 /* Builder */,
				BFD5230924F787290066D58F /* Bridge */,
				BFD5231D24F796AE0066D58F /* Taxicab */,
				B50EDC1023C76AC800F9468F /* AppDelegate.h */,
				B50EDC1123C76AC800F9468F /* AppDelegate.m */,
				B50EDC1323C76AC800F9468F /* ViewController.h */,
				B50EDC1423C76AC800F9468F /* ViewController.m */,
				B50EDC1623C76AC800F9468F /* Main.storyboard */,
				B50EDC1923C76ACB00F9468F /* Assets.xcassets */,
				B50EDC1B23C76ACB00F9468F /* LaunchScreen.storyboard */,
				B50EDC1E23C76ACB00F9468F /* Info.plist */,
				B50EDC1F23C76ACB00F9468F /* main.m */,
			);
			path = DesignPattern;
			sourceTree = "<group>";
		};
		B50EDC2823C76ACB00F9468F /* DesignPatternTests */ = {
			isa = PBXGroup;
			children = (
				B50EDC2923C76ACB00F9468F /* DesignPatternTests.m */,
				B50EDC2B23C76ACB00F9468F /* Info.plist */,
			);
			path = DesignPatternTests;
			sourceTree = "<group>";
		};
		B50EDC3323C76ACB00F9468F /* DesignPatternUITests */ = {
			isa = PBXGroup;
			children = (
				B50EDC3423C76ACB00F9468F /* DesignPatternUITests.m */,
				B50EDC3623C76ACB00F9468F /* Info.plist */,
			);
			path = DesignPatternUITests;
			sourceTree = "<group>";
		};
		B50EDC4223C76B0F00F9468F /* Controllers */ = {
			isa = PBXGroup;
			children = (
				B50EDC4323C76B4800F9468F /* CanvasViewController.h */,
				B50EDC4423C76B4800F9468F /* CanvasViewController.m */,
				B50EDC4623C76B6100F9468F /* PaletteViewController.h */,
				B50EDC4723C76B6100F9468F /* PaletteViewController.m */,
				B50EDC4923C76B7C00F9468F /* ThumbnailViewController.h */,
				B50EDC4A23C76B7C00F9468F /* ThumbnailViewController.m */,
				BF496E6724F5011B00B85E6D /* ScribbleThumbnailCell.h */,
				BF496E6824F5011B00B85E6D /* ScribbleThumbnailCell.m */,
			);
			path = Controllers;
			sourceTree = "<group>";
		};
		B50EDC4F23C76D5200F9468F /* Prototype */ = {
			isa = PBXGroup;
			children = (
				B50EDC5023C76D7400F9468F /* Mark.h */,
				B50EDC5923C76EF800F9468F /* Vertex.h */,
				B50EDC5A23C76EF800F9468F /* Vertex.m */,
				B50EDC5C23C9D24500F9468F /* Dot.h */,
				B50EDC5D23C9D24500F9468F /* Dot.m */,
				B50EDC5F23C9E06000F9468F /* Stroke.h */,
				B50EDC6023C9E06000F9468F /* Stroke.m */,
			);
			path = Prototype;
			sourceTree = "<group>";
		};
		B50EDC6423CB0DCD00F9468F /* Views */ = {
			isa = PBXGroup;
			children = (
				B50EDC6523CB0EA100F9468F /* CanvasView.h */,
				B50EDC6623CB0EA100F9468F /* CanvasView.m */,
				B50EDC6823CB0EC500F9468F /* PaperCanvasView.h */,
				B50EDC6923CB0EC500F9468F /* PaperCanvasView.m */,
				B50EDC6B23CB0F7400F9468F /* ClothCanvasView.h */,
				B50EDC6C23CB0F7400F9468F /* ClothCanvasView.m */,
			);
			path = Views;
			sourceTree = "<group>";
		};
		B50EDC7923CB178700F9468F /* AbstractFactory */ = {
			isa = PBXGroup;
			children = (
				B50EDC7A23CB183E00F9468F /* BrandingFactory.h */,
				B50EDC7B23CB183E00F9468F /* BrandingFactory.m */,
				B50EDC7D23CB1A5100F9468F /* AcmeBrandingFactory.h */,
				B50EDC7E23CB1A5100F9468F /* AcmeBrandingFactory.m */,
				B50EDC8323CB1CB400F9468F /* AcmView.h */,
				B50EDC8423CB1CB400F9468F /* AcmView.m */,
				B50EDC8623CB1CCE00F9468F /* AcmMainButton.h */,
				B50EDC8723CB1CCE00F9468F /* AcmMainButton.m */,
				B50EDC8923CB1CED00F9468F /* AcmToolbar.h */,
				B50EDC8A23CB1CED00F9468F /* AcmToolbar.m */,
				B50EDC8023CB1AA800F9468F /* SierraBrandingFactory.h */,
				B50EDC8123CB1AA800F9468F /* SierraBrandingFactory.m */,
				B50EDC8C23CB1D1A00F9468F /* SierraView.h */,
				B50EDC8D23CB1D1A00F9468F /* SierraView.m */,
				B50EDC8F23CB1D2E00F9468F /* SierraMainButton.h */,
				B50EDC9023CB1D2E00F9468F /* SierraMainButton.m */,
				B50EDC9223CB1D5E00F9468F /* SierraToolbar.h */,
				B50EDC9323CB1D5E00F9468F /* SierraToolbar.m */,
				B50EDC9523CB1E6600F9468F /* BrandingViewController.h */,
				B50EDC9623CB1E6600F9468F /* BrandingViewController.m */,
			);
			path = AbstractFactory;
			sourceTree = "<group>";
		};
		B5DFED8524A474C700986393 /* Builder */ = {
			isa = PBXGroup;
			children = (
				B5DFED8624A4986600986393 /* Character.h */,
				B5DFED8724A4986600986393 /* Character.m */,
				B5DFED8924A49B9F00986393 /* CharacterBuilder.h */,
				B5DFED8A24A49B9F00986393 /* CharacterBuilder.m */,
				B5DFED8C24A5955600986393 /* StandardCharacterBuilder.h */,
				B5DFED8D24A5955600986393 /* StandardCharacterBuilder.m */,
				B5DFED8F24A596CF00986393 /* ChasingGame.h */,
				B5DFED9024A596CF00986393 /* ChasingGame.m */,
				B5DFED9224A599E300986393 /* GameClient.h */,
				B5DFED9324A599E300986393 /* GameClient.m */,
			);
			path = Builder;
			sourceTree = "<group>";
		};
		B5DFED9524A5A09B00986393 /* Singleton */ = {
			isa = PBXGroup;
			children = (
				B5DFED9624A5A0B900986393 /* Singleton.h */,
				B5DFED9724A5A0B900986393 /* Singleton.m */,
			);
			path = Singleton;
			sourceTree = "<group>";
		};
		B5DFED9924A5B3B700986393 /* Command */ = {
			isa = PBXGroup;
			children = (
				BF496E4B24F4E23200B85E6D /* Command Slider */,
				BF496E4724F4E1D600B85E6D /* Command Button */,
				B5DFED9A24A5B3CD00986393 /* Command.h */,
				B5DFED9B24A5B3CD00986393 /* Command.m */,
				B5DFED9D24A5B42500986393 /* SetStrokeColorCommand.h */,
				B5DFED9E24A5B42500986393 /* SetStrokeColorCommand.m */,
				BF496E4224F4BB8700B85E6D /* SetStrokeSizeCommand.h */,
				BF496E4324F4BB8700B85E6D /* SetStrokeSizeCommand.m */,
				BF496E2124F4AB2400B85E6D /* SaveScribbleCommand.h */,
				BF496E2224F4AB2400B85E6D /* SaveScribbleCommand.m */,
				BF496E3C24F4B9CD00B85E6D /* DeleteScribbleCommand.h */,
				BF496E3D24F4B9CD00B85E6D /* DeleteScribbleCommand.m */,
				BF496E3F24F4BA8400B85E6D /* OpenScribbleCommand.h */,
				BF496E4024F4BA8400B85E6D /* OpenScribbleCommand.m */,
			);
			path = Command;
			sourceTree = "<group>";
		};
		BF496E2424F4AB7400B85E6D /* MementoCommand */ = {
			isa = PBXGroup;
			children = (
				BF496E2524F4B1E600B85E6D /* ScribbleManager.h */,
				BF496E2624F4B1E600B85E6D /* ScribbleManager.m */,
				BF496E2824F4B20B00B85E6D /* Scribble.h */,
				BF496E2924F4B20B00B85E6D /* Scribble.m */,
				BF496E2B24F4B22200B85E6D /* ScribbleMemento.h */,
				BF496E2C24F4B22200B85E6D /* ScribbleMemento.m */,
				BF496E3124F4B34700B85E6D /* ScribbleMemento+Friend.h */,
			);
			path = MementoCommand;
			sourceTree = "<group>";
		};
		BF496E3224F4B48A00B85E6D /* Proxy */ = {
			isa = PBXGroup;
			children = (
				BF496E3324F4B67800B85E6D /* ScribbleThumbnailView.h */,
				BF496E3424F4B67800B85E6D /* ScribbleThumbnailView.m */,
				BF496E3924F4B6D100B85E6D /* ScribbleThumbnailViewImageProxy.h */,
				BF496E3A24F4B6D100B85E6D /* ScribbleThumbnailViewImageProxy.m */,
				BF496E3624F4B69700B85E6D /* ScribbleSource.h */,
			);
			path = Proxy;
			sourceTree = "<group>";
		};
		BF496E4524F4BCBC00B85E6D /* TouchPainter */ = {
			isa = PBXGroup;
			children = (
				BF496E6024F4EB1300B85E6D /* Vistor */,
				BF496E5924F4E8D500B85E6D /* Iteratoer */,
				BF496E5824F4E81800B85E6D /* Factory Method */,
				BF496E5724F4E58600B85E6D /* Mediator */,
				BF496E4624F4C03600B85E6D /* Utilities */,
				B50EDC4F23C76D5200F9468F /* Prototype */,
				B50EDC4223C76B0F00F9468F /* Controllers */,
				B5DFED9924A5B3B700986393 /* Command */,
				BF496E2424F4AB7400B85E6D /* MementoCommand */,
				BF496E3224F4B48A00B85E6D /* Proxy */,
			);
			path = TouchPainter;
			sourceTree = "<group>";
		};
		BF496E4624F4C03600B85E6D /* Utilities */ = {
			isa = PBXGroup;
			children = (
				BF496E5324F4E31300B85E6D /* View2Image */,
				BF496E4F24F4E28B00B85E6D /* Custom Stack */,
			);
			path = Utilities;
			sourceTree = "<group>";
		};
		BF496E4724F4E1D600B85E6D /* Command Button */ = {
			isa = PBXGroup;
			children = (
				BF496E4824F4E1F600B85E6D /* CommandBarButton.h */,
				BF496E4924F4E1F600B85E6D /* CommandBarButton.m */,
			);
			path = "Command Button";
			sourceTree = "<group>";
		};
		BF496E4B24F4E23200B85E6D /* Command Slider */ = {
			isa = PBXGroup;
			children = (
				BF496E4C24F4E25400B85E6D /* CommandSlider.h */,
				BF496E4D24F4E25400B85E6D /* CommandSlider.m */,
			);
			path = "Command Slider";
			sourceTree = "<group>";
		};
		BF496E4F24F4E28B00B85E6D /* Custom Stack */ = {
			isa = PBXGroup;
			children = (
				BF496E5024F4E2A600B85E6D /* NSMutableArray+Stack.h */,
				BF496E5124F4E2A600B85E6D /* NSMutableArray+Stack.m */,
			);
			path = "Custom Stack";
			sourceTree = "<group>";
		};
		BF496E5324F4E31300B85E6D /* View2Image */ = {
			isa = PBXGroup;
			children = (
				BF496E5424F4E33B00B85E6D /* UIView+UIImage.h */,
				BF496E5524F4E33B00B85E6D /* UIView+UIImage.m */,
			);
			path = View2Image;
			sourceTree = "<group>";
		};
		BF496E5724F4E58600B85E6D /* Mediator */ = {
			isa = PBXGroup;
			children = (
				B50EDC4C23C76C3500F9468F /* CoordinatingController.h */,
				B50EDC4D23C76C3500F9468F /* CoordinatingController.m */,
			);
			path = Mediator;
			sourceTree = "<group>";
		};
		BF496E5824F4E81800B85E6D /* Factory Method */ = {
			isa = PBXGroup;
			children = (
				B50EDC6423CB0DCD00F9468F /* Views */,
				B50EDC6E23CB0FD000F9468F /* CanvasViewGenerator.h */,
				B50EDC6F23CB0FD000F9468F /* CanvasViewGenerator.m */,
				B50EDC7123CB108200F9468F /* PaperCanvasViewGenerator.h */,
				B50EDC7223CB108200F9468F /* PaperCanvasViewGenerator.m */,
				B50EDC7423CB10DC00F9468F /* ClothCanvasViewGenerator.h */,
				B50EDC7523CB10DC00F9468F /* ClothCanvasViewGenerator.m */,
			);
			path = "Factory Method";
			sourceTree = "<group>";
		};
		BF496E5924F4E8D500B85E6D /* Iteratoer */ = {
			isa = PBXGroup;
			children = (
				BF496E5A24F4E94C00B85E6D /* MarkEnumerator.h */,
				BF496E5B24F4E94C00B85E6D /* MarkEnumerator.m */,
				BF496E5D24F4E98400B85E6D /* MarkEnumerator+Internal.h */,
			);
			path = Iteratoer;
			sourceTree = "<group>";
		};
		BF496E6024F4EB1300B85E6D /* Vistor */ = {
			isa = PBXGroup;
			children = (
				BF496E6124F4EB2D00B85E6D /* MarkRenderer.h */,
				BF496E6224F4EB2D00B85E6D /* MarkRenderer.m */,
				BF496E6424F4EB6600B85E6D /* MarkVisitor.h */,
			);
			path = Vistor;
			sourceTree = "<group>";
		};
		BFD5230924F787290066D58F /* Bridge */ = {
			isa = PBXGroup;
			children = (
				BFD5230A24F787490066D58F /* Concrete Emulators */,
				BFD5230B24F7876F0066D58F /* ConsoleCommands.h */,
				BFD5231124F787D50066D58F /* ConsoleController.h */,
				BFD5231224F787D50066D58F /* ConsoleController.m */,
				BFD5231424F788100066D58F /* TouchConsoleController.h */,
				BFD5231524F788100066D58F /* TouchConsoleController.m */,
			);
			path = Bridge;
			sourceTree = "<group>";
		};
		BFD5230A24F787490066D58F /* Concrete Emulators */ = {
			isa = PBXGroup;
			children = (
				BFD5230E24F787980066D58F /* ConsoleEmulator.h */,
				BFD5230F24F787980066D58F /* ConsoleEmulator.m */,
				BFD5231724F789400066D58F /* GameBoyEmulator.h */,
				BFD5231824F789400066D58F /* GameBoyEmulator.m */,
				BFD5231A24F7895B0066D58F /* GameGearEmulator.h */,
				BFD5231B24F7895B0066D58F /* GameGearEmulator.m */,
			);
			path = "Concrete Emulators";
			sourceTree = "<group>";
		};
		BFD5231D24F796AE0066D58F /* Taxicab */ = {
			isa = PBXGroup;
			children = (
				BFD5231E24F796D70066D58F /* CabDriver.h */,
				BFD5231F24F796D70066D58F /* CabDriver.m */,
				BFD5232124F796EA0066D58F /* Car.h */,
				BFD5232224F796EA0066D58F /* Car.m */,
				BFD5232424F797000066D58F /* Taximeter.h */,
				BFD5232524F797000066D58F /* Taximeter.m */,
			);
			path = Taxicab;
			sourceTree = "<group>";
		};
/* End PBXGroup section */

/* Begin PBXNativeTarget section */
		B50EDC0C23C76AC800F9468F /* DesignPattern */ = {
			isa = PBXNativeTarget;
			buildConfigurationList = B50EDC3923C76ACB00F9468F /* Build configuration list for PBXNativeTarget "DesignPattern" */;
			buildPhases = (
				B50EDC0923C76AC800F9468F /* Sources */,
				B50EDC0A23C76AC800F9468F /* Frameworks */,
				B50EDC0B23C76AC800F9468F /* Resources */,
			);
			buildRules = (
			);
			dependencies = (
			);
			name = DesignPattern;
			productName = DesignPattern;
			productReference = B50EDC0D23C76AC800F9468F /* DesignPattern.app */;
			productType = "com.apple.product-type.application";
		};
		B50EDC2423C76ACB00F9468F /* DesignPatternTests */ = {
			isa = PBXNativeTarget;
			buildConfigurationList = B50EDC3C23C76ACB00F9468F /* Build configuration list for PBXNativeTarget "DesignPatternTests" */;
			buildPhases = (
				B50EDC2123C76ACB00F9468F /* Sources */,
				B50EDC2223C76ACB00F9468F /* Frameworks */,
				B50EDC2323C76ACB00F9468F /* Resources */,
			);
			buildRules = (
			);
			dependencies = (
				B50EDC2723C76ACB00F9468F /* PBXTargetDependency */,
			);
			name = DesignPatternTests;
			productName = DesignPatternTests;
			productReference = B50EDC2523C76ACB00F9468F /* DesignPatternTests.xctest */;
			productType = "com.apple.product-type.bundle.unit-test";
		};
		B50EDC2F23C76ACB00F9468F /* DesignPatternUITests */ = {
			isa = PBXNativeTarget;
			buildConfigurationList = B50EDC3F23C76ACB00F9468F /* Build configuration list for PBXNativeTarget "DesignPatternUITests" */;
			buildPhases = (
				B50EDC2C23C76ACB00F9468F /* Sources */,
				B50EDC2D23C76ACB00F9468F /* Frameworks */,
				B50EDC2E23C76ACB00F9468F /* Resources */,
			);
			buildRules = (
			);
			dependencies = (
				B50EDC3223C76ACB00F9468F /* PBXTargetDependency */,
			);
			name = DesignPatternUITests;
			productName = DesignPatternUITests;
			productReference = B50EDC3023C76ACB00F9468F /* DesignPatternUITests.xctest */;
			productType = "com.apple.product-type.bundle.ui-testing";
		};
/* End PBXNativeTarget section */

/* Begin PBXProject section */
		B50EDC0523C76AC800F9468F /* Project object */ = {
			isa = PBXProject;
			attributes = {
				LastUpgradeCheck = 1020;
				ORGANIZATIONNAME = hapii;
				TargetAttributes = {
					B50EDC0C23C76AC800F9468F = {
						CreatedOnToolsVersion = 10.2.1;
					};
					B50EDC2423C76ACB00F9468F = {
						CreatedOnToolsVersion = 10.2.1;
						TestTargetID = B50EDC0C23C76AC800F9468F;
					};
					B50EDC2F23C76ACB00F9468F = {
						CreatedOnToolsVersion = 10.2.1;
						TestTargetID = B50EDC0C23C76AC800F9468F;
					};
				};
			};
			buildConfigurationList = B50EDC0823C76AC800F9468F /* Build configuration list for PBXProject "DesignPattern" */;
			compatibilityVersion = "Xcode 9.3";
			developmentRegion = en;
			hasScannedForEncodings = 0;
			knownRegions = (
				en,
				Base,
			);
			mainGroup = B50EDC0423C76AC800F9468F;
			productRefGroup = B50EDC0E23C76AC800F9468F /* Products */;
			projectDirPath = "";
			projectRoot = "";
			targets = (
				B50EDC0C23C76AC800F9468F /* DesignPattern */,
				B50EDC2423C76ACB00F9468F /* DesignPatternTests */,
				B50EDC2F23C76ACB00F9468F /* DesignPatternUITests */,
			);
		};
/* End PBXProject section */

/* Begin PBXResourcesBuildPhase section */
		B50EDC0B23C76AC800F9468F /* Resources */ = {
			isa = PBXResourcesBuildPhase;
			buildActionMask = 2147483647;
			files = (
				B50EDC1D23C76ACB00F9468F /* LaunchScreen.storyboard in Resources */,
				B50EDC1A23C76ACB00F9468F /* Assets.xcassets in Resources */,
				B50EDC1823C76AC800F9468F /* Main.storyboard in Resources */,
			);
			runOnlyForDeploymentPostprocessing = 0;
		};
		B50EDC2323C76ACB00F9468F /* Resources */ = {
			isa = PBXResourcesBuildPhase;
			buildActionMask = 2147483647;
			files = (
			);
			runOnlyForDeploymentPostprocessing = 0;
		};
		B50EDC2E23C76ACB00F9468F /* Resources */ = {
			isa = PBXResourcesBuildPhase;
			buildActionMask = 2147483647;
			files = (
			);
			runOnlyForDeploymentPostprocessing = 0;
		};
/* End PBXResourcesBuildPhase section */

/* Begin PBXSourcesBuildPhase section */
		B50EDC0923C76AC800F9468F /* Sources */ = {
			isa = PBXSourcesBuildPhase;
			buildActionMask = 2147483647;
			files = (
				BF496E2D24F4B22200B85E6D /* ScribbleMemento.m in Sources */,
				B5DFED9424A599E300986393 /* GameClient.m in Sources */,
				B50EDC8E23CB1D1A00F9468F /* SierraView.m in Sources */,
				BFD5232324F796EA0066D58F /* Car.m in Sources */,
				B50EDC4523C76B4800F9468F /* CanvasViewController.m in Sources */,
				B50EDC6123C9E06000F9468F /* Stroke.m in Sources */,
				B50EDC6723CB0EA100F9468F /* CanvasView.m in Sources */,
				BF496E4124F4BA8400B85E6D /* OpenScribbleCommand.m in Sources */,
				BFD5231624F788100066D58F /* TouchConsoleController.m in Sources */,
				BF496E5224F4E2A600B85E6D /* NSMutableArray+Stack.m in Sources */,
				B5DFED9124A596CF00986393 /* ChasingGame.m in Sources */,
				B50EDC7C23CB183E00F9468F /* BrandingFactory.m in Sources */,
				BFD5231024F787980066D58F /* ConsoleEmulator.m in Sources */,
				B50EDC9723CB1E6600F9468F /* BrandingViewController.m in Sources */,
				BF496E2724F4B1E600B85E6D /* ScribbleManager.m in Sources */,
				BF496E3B24F4B6D100B85E6D /* ScribbleThumbnailViewImageProxy.m in Sources */,
				B50EDC8B23CB1CED00F9468F /* AcmToolbar.m in Sources */,
				BFD5232624F797000066D58F /* Taximeter.m in Sources */,
				BF496E4424F4BB8700B85E6D /* SetStrokeSizeCommand.m in Sources */,
				BF496E5C24F4E94C00B85E6D /* MarkEnumerator.m in Sources */,
				BFD5231324F787D50066D58F /* ConsoleController.m in Sources */,
				B50EDC5B23C76EF800F9468F /* Vertex.m in Sources */,
				B50EDC1523C76AC800F9468F /* ViewController.m in Sources */,
				BF496E6924F5011B00B85E6D /* ScribbleThumbnailCell.m in Sources */,
				B5DFED9C24A5B3CD00986393 /* Command.m in Sources */,
				B50EDC5E23C9D24500F9468F /* Dot.m in Sources */,
				B5DFED8E24A5955600986393 /* StandardCharacterBuilder.m in Sources */,
				B50EDC2023C76ACB00F9468F /* main.m in Sources */,
				B50EDC6D23CB0F7400F9468F /* ClothCanvasView.m in Sources */,
				BFD5231924F789400066D58F /* GameBoyEmulator.m in Sources */,
				BF496E4A24F4E1F600B85E6D /* CommandBarButton.m in Sources */,
				BF496E2324F4AB2400B85E6D /* SaveScribbleCommand.m in Sources */,
				B50EDC8523CB1CB400F9468F /* AcmView.m in Sources */,
				B50EDC8223CB1AA800F9468F /* SierraBrandingFactory.m in Sources */,
				BFD5232024F796D70066D58F /* CabDriver.m in Sources */,
				B50EDC4B23C76B7C00F9468F /* ThumbnailViewController.m in Sources */,
				B5DFED8824A4986600986393 /* Character.m in Sources */,
				B50EDC8823CB1CCE00F9468F /* AcmMainButton.m in Sources */,
				B50EDC9123CB1D2E00F9468F /* SierraMainButton.m in Sources */,
				B50EDC7623CB10DC00F9468F /* ClothCanvasViewGenerator.m in Sources */,
				B50EDC9423CB1D5E00F9468F /* SierraToolbar.m in Sources */,
				BF496E3E24F4B9CD00B85E6D /* DeleteScribbleCommand.m in Sources */,
				B50EDC6A23CB0EC500F9468F /* PaperCanvasView.m in Sources */,
				B50EDC7F23CB1A5100F9468F /* AcmeBrandingFactory.m in Sources */,
				B5DFED8B24A49B9F00986393 /* CharacterBuilder.m in Sources */,
				B50EDC7023CB0FD000F9468F /* CanvasViewGenerator.m in Sources */,
				BFD5231C24F7895B0066D58F /* GameGearEmulator.m in Sources */,
				BF496E3524F4B67800B85E6D /* ScribbleThumbnailView.m in Sources */,
				B50EDC7323CB108200F9468F /* PaperCanvasViewGenerator.m in Sources */,
				B5DFED9F24A5B42500986393 /* SetStrokeColorCommand.m in Sources */,
				BF496E2A24F4B20B00B85E6D /* Scribble.m in Sources */,
				BF496E5624F4E33B00B85E6D /* UIView+UIImage.m in Sources */,
				B50EDC4E23C76C3500F9468F /* CoordinatingController.m in Sources */,
				BF496E6324F4EB2D00B85E6D /* MarkRenderer.m in Sources */,
				BF496E4E24F4E25400B85E6D /* CommandSlider.m in Sources */,
				B5DFED9824A5A0B900986393 /* Singleton.m in Sources */,
				B50EDC1223C76AC800F9468F /* AppDelegate.m in Sources */,
				B50EDC4823C76B6100F9468F /* PaletteViewController.m in Sources */,
			);
			runOnlyForDeploymentPostprocessing = 0;
		};
		B50EDC2123C76ACB00F9468F /* Sources */ = {
			isa = PBXSourcesBuildPhase;
			buildActionMask = 2147483647;
			files = (
				B50EDC2A23C76ACB00F9468F /* DesignPatternTests.m in Sources */,
			);
			runOnlyForDeploymentPostprocessing = 0;
		};
		B50EDC2C23C76ACB00F9468F /* Sources */ = {
			isa = PBXSourcesBuildPhase;
			buildActionMask = 2147483647;
			files = (
				B50EDC3523C76ACB00F9468F /* DesignPatternUITests.m in Sources */,
			);
			runOnlyForDeploymentPostprocessing = 0;
		};
/* End PBXSourcesBuildPhase section */

/* Begin PBXTargetDependency section */
		B50EDC2723C76ACB00F9468F /* PBXTargetDependency */ = {
			isa = PBXTargetDependency;
			target = B50EDC0C23C76AC800F9468F /* DesignPattern */;
			targetProxy = B50EDC2623C76ACB00F9468F /* PBXContainerItemProxy */;
		};
		B50EDC3223C76ACB00F9468F /* PBXTargetDependency */ = {
			isa = PBXTargetDependency;
			target = B50EDC0C23C76AC800F9468F /* DesignPattern */;
			targetProxy = B50EDC3123C76ACB00F9468F /* PBXContainerItemProxy */;
		};
/* End PBXTargetDependency section */

/* Begin PBXVariantGroup section */
		B50EDC1623C76AC800F9468F /* Main.storyboard */ = {
			isa = PBXVariantGroup;
			children = (
				B50EDC1723C76AC800F9468F /* Base */,
			);
			name = Main.storyboard;
			sourceTree = "<group>";
		};
		B50EDC1B23C76ACB00F9468F /* LaunchScreen.storyboard */ = {
			isa = PBXVariantGroup;
			children = (
				B50EDC1C23C76ACB00F9468F /* Base */,
			);
			name = LaunchScreen.storyboard;
			sourceTree = "<group>";
		};
/* End PBXVariantGroup section */

/* Begin XCBuildConfiguration section */
		B50EDC3723C76ACB00F9468F /* Debug */ = {
			isa = XCBuildConfiguration;
			buildSettings = {
				ALWAYS_SEARCH_USER_PATHS = NO;
				CLANG_ANALYZER_NONNULL = YES;
				CLANG_ANALYZER_NUMBER_OBJECT_CONVERSION = YES_AGGRESSIVE;
				CLANG_CXX_LANGUAGE_STANDARD = "gnu++14";
				CLANG_CXX_LIBRARY = "libc++";
				CLANG_ENABLE_MODULES = YES;
				CLANG_ENABLE_OBJC_ARC = YES;
				CLANG_ENABLE_OBJC_WEAK = YES;
				CLANG_WARN_BLOCK_CAPTURE_AUTORELEASING = YES;
				CLANG_WARN_BOOL_CONVERSION = YES;
				CLANG_WARN_COMMA = YES;
				CLANG_WARN_CONSTANT_CONVERSION = YES;
				CLANG_WARN_DEPRECATED_OBJC_IMPLEMENTATIONS = YES;
				CLANG_WARN_DIRECT_OBJC_ISA_USAGE = YES_ERROR;
				CLANG_WARN_DOCUMENTATION_COMMENTS = YES;
				CLANG_WARN_EMPTY_BODY = YES;
				CLANG_WARN_ENUM_CONVERSION = YES;
				CLANG_WARN_INFINITE_RECURSION = YES;
				CLANG_WARN_INT_CONVERSION = YES;
				CLANG_WARN_NON_LITERAL_NULL_CONVERSION = YES;
				CLANG_WARN_OBJC_IMPLICIT_RETAIN_SELF = YES;
				CLANG_WARN_OBJC_LITERAL_CONVERSION = YES;
				CLANG_WARN_OBJC_ROOT_CLASS = YES_ERROR;
				CLANG_WARN_RANGE_LOOP_ANALYSIS = YES;
				CLANG_WARN_STRICT_PROTOTYPES = YES;
				CLANG_WARN_SUSPICIOUS_MOVE = YES;
				CLANG_WARN_UNGUARDED_AVAILABILITY = YES_AGGRESSIVE;
				CLANG_WARN_UNREACHABLE_CODE = YES;
				CLANG_WARN__DUPLICATE_METHOD_MATCH = YES;
				CODE_SIGN_IDENTITY = "iPhone Developer";
				COPY_PHASE_STRIP = NO;
				DEBUG_INFORMATION_FORMAT = dwarf;
				ENABLE_STRICT_OBJC_MSGSEND = YES;
				ENABLE_TESTABILITY = YES;
				GCC_C_LANGUAGE_STANDARD = gnu11;
				GCC_DYNAMIC_NO_PIC = NO;
				GCC_NO_COMMON_BLOCKS = YES;
				GCC_OPTIMIZATION_LEVEL = 0;
				GCC_PREPROCESSOR_DEFINITIONS = (
					"DEBUG=1",
					"$(inherited)",
				);
				GCC_WARN_64_TO_32_BIT_CONVERSION = YES;
				GCC_WARN_ABOUT_RETURN_TYPE = YES_ERROR;
				GCC_WARN_UNDECLARED_SELECTOR = YES;
				GCC_WARN_UNINITIALIZED_AUTOS = YES_AGGRESSIVE;
				GCC_WARN_UNUSED_FUNCTION = YES;
				GCC_WARN_UNUSED_VARIABLE = YES;
				IPHONEOS_DEPLOYMENT_TARGET = 12.2;
				MTL_ENABLE_DEBUG_INFO = INCLUDE_SOURCE;
				MTL_FAST_MATH = YES;
				ONLY_ACTIVE_ARCH = YES;
				SDKROOT = iphoneos;
			};
			name = Debug;
		};
		B50EDC3823C76ACB00F9468F /* Release */ = {
			isa = XCBuildConfiguration;
			buildSettings = {
				ALWAYS_SEARCH_USER_PATHS = NO;
				CLANG_ANALYZER_NONNULL = YES;
				CLANG_ANALYZER_NUMBER_OBJECT_CONVERSION = YES_AGGRESSIVE;
				CLANG_CXX_LANGUAGE_STANDARD = "gnu++14";
				CLANG_CXX_LIBRARY = "libc++";
				CLANG_ENABLE_MODULES = YES;
				CLANG_ENABLE_OBJC_ARC = YES;
				CLANG_ENABLE_OBJC_WEAK = YES;
				CLANG_WARN_BLOCK_CAPTURE_AUTORELEASING = YES;
				CLANG_WARN_BOOL_CONVERSION = YES;
				CLANG_WARN_COMMA = YES;
				CLANG_WARN_CONSTANT_CONVERSION = YES;
				CLANG_WARN_DEPRECATED_OBJC_IMPLEMENTATIONS = YES;
				CLANG_WARN_DIRECT_OBJC_ISA_USAGE = YES_ERROR;
				CLANG_WARN_DOCUMENTATION_COMMENTS = YES;
				CLANG_WARN_EMPTY_BODY = YES;
				CLANG_WARN_ENUM_CONVERSION = YES;
				CLANG_WARN_INFINITE_RECURSION = YES;
				CLANG_WARN_INT_CONVERSION = YES;
				CLANG_WARN_NON_LITERAL_NULL_CONVERSION = YES;
				CLANG_WARN_OBJC_IMPLICIT_RETAIN_SELF = YES;
				CLANG_WARN_OBJC_LITERAL_CONVERSION = YES;
				CLANG_WARN_OBJC_ROOT_CLASS = YES_ERROR;
				CLANG_WARN_RANGE_LOOP_ANALYSIS = YES;
				CLANG_WARN_STRICT_PROTOTYPES = YES;
				CLANG_WARN_SUSPICIOUS_MOVE = YES;
				CLANG_WARN_UNGUARDED_AVAILABILITY = YES_AGGRESSIVE;
				CLANG_WARN_UNREACHABLE_CODE = YES;
				CLANG_WARN__DUPLICATE_METHOD_MATCH = YES;
				CODE_SIGN_IDENTITY = "iPhone Developer";
				COPY_PHASE_STRIP = NO;
				DEBUG_INFORMATION_FORMAT = "dwarf-with-dsym";
				ENABLE_NS_ASSERTIONS = NO;
				ENABLE_STRICT_OBJC_MSGSEND = YES;
				GCC_C_LANGUAGE_STANDARD = gnu11;
				GCC_NO_COMMON_BLOCKS = YES;
				GCC_WARN_64_TO_32_BIT_CONVERSION = YES;
				GCC_WARN_ABOUT_RETURN_TYPE = YES_ERROR;
				GCC_WARN_UNDECLARED_SELECTOR = YES;
				GCC_WARN_UNINITIALIZED_AUTOS = YES_AGGRESSIVE;
				GCC_WARN_UNUSED_FUNCTION = YES;
				GCC_WARN_UNUSED_VARIABLE = YES;
				IPHONEOS_DEPLOYMENT_TARGET = 12.2;
				MTL_ENABLE_DEBUG_INFO = NO;
				MTL_FAST_MATH = YES;
				SDKROOT = iphoneos;
				VALIDATE_PRODUCT = YES;
			};
			name = Release;
		};
		B50EDC3A23C76ACB00F9468F /* Debug */ = {
			isa = XCBuildConfiguration;
			buildSettings = {
				ASSETCATALOG_COMPILER_APPICON_NAME = AppIcon;
				CODE_SIGN_STYLE = Automatic;
				DEVELOPMENT_TEAM = NMZNKH456W;
				INFOPLIST_FILE = DesignPattern/Info.plist;
				LD_RUNPATH_SEARCH_PATHS = (
					"$(inherited)",
					"@executable_path/Frameworks",
				);
				ONLY_ACTIVE_ARCH = YES;
				PRODUCT_BUNDLE_IDENTIFIER = hapii.DesignPattern;
				PRODUCT_NAME = "$(TARGET_NAME)";
				TARGETED_DEVICE_FAMILY = "1,2";
			};
			name = Debug;
		};
		B50EDC3B23C76ACB00F9468F /* Release */ = {
			isa = XCBuildConfiguration;
			buildSettings = {
				ASSETCATALOG_COMPILER_APPICON_NAME = AppIcon;
				CODE_SIGN_STYLE = Automatic;
				DEVELOPMENT_TEAM = NMZNKH456W;
				INFOPLIST_FILE = DesignPattern/Info.plist;
				LD_RUNPATH_SEARCH_PATHS = (
					"$(inherited)",
					"@executable_path/Frameworks",
				);
				ONLY_ACTIVE_ARCH = YES;
				PRODUCT_BUNDLE_IDENTIFIER = hapii.DesignPattern;
				PRODUCT_NAME = "$(TARGET_NAME)";
				TARGETED_DEVICE_FAMILY = "1,2";
			};
			name = Release;
		};
		B50EDC3D23C76ACB00F9468F /* Debug */ = {
			isa = XCBuildConfiguration;
			buildSettings = {
				BUNDLE_LOADER = "$(TEST_HOST)";
				CODE_SIGN_STYLE = Automatic;
				DEVELOPMENT_TEAM = NMZNKH456W;
				INFOPLIST_FILE = DesignPatternTests/Info.plist;
				LD_RUNPATH_SEARCH_PATHS = (
					"$(inherited)",
					"@executable_path/Frameworks",
					"@loader_path/Frameworks",
				);
				PRODUCT_BUNDLE_IDENTIFIER = hapii.DesignPatternTests;
				PRODUCT_NAME = "$(TARGET_NAME)";
				TARGETED_DEVICE_FAMILY = "1,2";
				TEST_HOST = "$(BUILT_PRODUCTS_DIR)/DesignPattern.app/DesignPattern";
			};
			name = Debug;
		};
		B50EDC3E23C76ACB00F9468F /* Release */ = {
			isa = XCBuildConfiguration;
			buildSettings = {
				BUNDLE_LOADER = "$(TEST_HOST)";
				CODE_SIGN_STYLE = Automatic;
				DEVELOPMENT_TEAM = NMZNKH456W;
				INFOPLIST_FILE = DesignPatternTests/Info.plist;
				LD_RUNPATH_SEARCH_PATHS = (
					"$(inherited)",
					"@executable_path/Frameworks",
					"@loader_path/Frameworks",
				);
				PRODUCT_BUNDLE_IDENTIFIER = hapii.DesignPatternTests;
				PRODUCT_NAME = "$(TARGET_NAME)";
				TARGETED_DEVICE_FAMILY = "1,2";
				TEST_HOST = "$(BUILT_PRODUCTS_DIR)/DesignPattern.app/DesignPattern";
			};
			name = Release;
		};
		B50EDC4023C76ACB00F9468F /* Debug */ = {
			isa = XCBuildConfiguration;
			buildSettings = {
				CODE_SIGN_STYLE = Automatic;
				DEVELOPMENT_TEAM = NMZNKH456W;
				INFOPLIST_FILE = DesignPatternUITests/Info.plist;
				LD_RUNPATH_SEARCH_PATHS = (
					"$(inherited)",
					"@executable_path/Frameworks",
					"@loader_path/Frameworks",
				);
				PRODUCT_BUNDLE_IDENTIFIER = hapii.DesignPatternUITests;
				PRODUCT_NAME = "$(TARGET_NAME)";
				TARGETED_DEVICE_FAMILY = "1,2";
				TEST_TARGET_NAME = DesignPattern;
			};
			name = Debug;
		};
		B50EDC4123C76ACB00F9468F /* Release */ = {
			isa = XCBuildConfiguration;
			buildSettings = {
				CODE_SIGN_STYLE = Automatic;
				DEVELOPMENT_TEAM = NMZNKH456W;
				INFOPLIST_FILE = DesignPatternUITests/Info.plist;
				LD_RUNPATH_SEARCH_PATHS = (
					"$(inherited)",
					"@executable_path/Frameworks",
					"@loader_path/Frameworks",
				);
				PRODUCT_BUNDLE_IDENTIFIER = hapii.DesignPatternUITests;
				PRODUCT_NAME = "$(TARGET_NAME)";
				TARGETED_DEVICE_FAMILY = "1,2";
				TEST_TARGET_NAME = DesignPattern;
			};
			name = Release;
		};
/* End XCBuildConfiguration section */

/* Begin XCConfigurationList section */
		B50EDC0823C76AC800F9468F /* Build configuration list for PBXProject "DesignPattern" */ = {
			isa = XCConfigurationList;
			buildConfigurations = (
				B50EDC3723C76ACB00F9468F /* Debug */,
				B50EDC3823C76ACB00F9468F /* Release */,
			);
			defaultConfigurationIsVisible = 0;
			defaultConfigurationName = Release;
		};
		B50EDC3923C76ACB00F9468F /* Build configuration list for PBXNativeTarget "DesignPattern" */ = {
			isa = XCConfigurationList;
			buildConfigurations = (
				B50EDC3A23C76ACB00F9468F /* Debug */,
				B50EDC3B23C76ACB00F9468F /* Release */,
			);
			defaultConfigurationIsVisible = 0;
			defaultConfigurationName = Release;
		};
		B50EDC3C23C76ACB00F9468F /* Build configuration list for PBXNativeTarget "DesignPatternTests" */ = {
			isa = XCConfigurationList;
			buildConfigurations = (
				B50EDC3D23C76ACB00F9468F /* Debug */,
				B50EDC3E23C76ACB00F9468F /* Release */,
			);
			defaultConfigurationIsVisible = 0;
			defaultConfigurationName = Release;
		};
		B50EDC3F23C76ACB00F9468F /* Build configuration list for PBXNativeTarget "DesignPatternUITests" */ = {
			isa = XCConfigurationList;
			buildConfigurations = (
				B50EDC4023C76ACB00F9468F /* Debug */,
				B50EDC4123C76ACB00F9468F /* Release */,
			);
			defaultConfigurationIsVisible = 0;
			defaultConfigurationName = Release;
		};
/* End XCConfigurationList section */
	};
	rootObject = B50EDC0523C76AC800F9468F /* Project object */;
}
